<?xml version="1.0" encoding="utf-8"?>
<Project ToolsVersion="4.0" xmlns="http://schemas.microsoft.com/developer/msbuild/2003">
  <ItemGroup>
    <Filter Include="Source Files">
      <UniqueIdentifier>{4FC737F1-C7A5-4376-A066-2A32D752A2FF}</UniqueIdentifier>
      <Extensions>cpp;c;cc;cxx;def;odl;idl;hpj;bat;asm;asmx</Extensions>
    </Filter>
    <Filter Include="Header Files">
      <UniqueIdentifier>{93995380-89BD-4b04-88EB-625FBE52EBFB}</UniqueIdentifier>
      <Extensions>h;hh;hpp;hxx;hm;inl;inc;ipp;xsd</Extensions>
    </Filter>
    <Filter Include="Resource Files">
      <UniqueIdentifier>{67DA6AB6-F800-4c08-8B7A-83BB121AAD01}</UniqueIdentifier>
      <Extensions>rc;ico;cur;bmp;dlg;rc2;rct;bin;rgs;gif;jpg;jpeg;jpe;resx;tiff;tif;png;wav;mfcribbon-ms</Extensions>
    </Filter>
  </ItemGroup>
  <ItemGroup>
    <ClInclude Include="include\AudioPlayback\AudioDefinitions.h">
      <Filter>Header Files</Filter>
    </ClInclude>
    <ClInclude Include="include\AudioPlayback\AudioEngine.h">
      <Filter>Header Files</Filter>
    </ClInclude>
    <ClInclude Include="include\AudioPlayback\SynthesizerBase.h">
      <Filter>Header Files</Filter>
    </ClInclude>
    <ClInclude Include="include\Breeding\Breeder.h">
      <Filter>Header Files</Filter>
    </ClInclude>
    <ClInclude Include="include\Fitness\FitnessEvaluator.h">
      <Filter>Header Files</Filter>
    </ClInclude>
    <ClInclude Include="include\Generation\PopulationGenerator.h">
      <Filter>Header Files</Filter>
    </ClInclude>
    <ClInclude Include="include\Mutation\Mutator.h">
      <Filter>Header Files</Filter>
    </ClInclude>
    <ClInclude Include="include\Selection\Selector.h">
      <Filter>Header Files</Filter>
    </ClInclude>
    <ClInclude Include="include\Phrase.h">
      <Filter>Header Files</Filter>
    </ClInclude>
    <ClInclude Include="include\PhrasePool.h">
      <Filter>Header Files</Filter>
    </ClInclude>
    <ClInclude Include="include\PolicyDefinitions.h">
      <Filter>Header Files</Filter>
    </ClInclude>
    <ClInclude Include="include\PoolAllocator.h">
      <Filter>Header Files</Filter>
    </ClInclude>
    <ClInclude Include="include\Graphics\UISystem.h">
      <Filter>Header Files</Filter>
    </ClInclude>
    <ClInclude Include="include\imgui\imconfig.h">
      <Filter>Header Files</Filter>
    </ClInclude>
    <ClInclude Include="include\imgui\imgui.h">
      <Filter>Header Files</Filter>
    </ClInclude>
    <ClInclude Include="include\imgui\imgui_impl_glfw.h">
      <Filter>Header Files</Filter>
    </ClInclude>
    <ClInclude Include="include\imgui\imgui_impl_opengl3.h">
      <Filter>Header Files</Filter>
    </ClInclude>
    <ClInclude Include="include\imgui\imgui_internal.h">
      <Filter>Header Files</Filter>
    </ClInclude>
    <ClInclude Include="include\imgui\imstb_rectpack.h">
      <Filter>Header Files</Filter>
    </ClInclude>
    <ClInclude Include="include\imgui\imstb_textedit.h">
      <Filter>Header Files</Filter>
    </ClInclude>
    <ClInclude Include="include\imgui\imstb_truetype.h">
      <Filter>Header Files</Filter>
    </ClInclude>
    <ClInclude Include="include\Graphics\PianoRoll.h">
      <Filter>Header Files</Filter>
    </ClInclude>
    <ClInclude Include="include\FileIO\MIDIFiles.h">
      <Filter>Header Files</Filter>
    </ClInclude>
    <ClInclude Include="include\Graphics\ImGuiHelpers.h">
      <Filter>Header Files</Filter>
    </ClInclude>
    <ClInclude Include="include\FileIO\FileManager.h">
      <Filter>Header Files</Filter>
    </ClInclude>
    <ClInclude Include="include\FileIO\WAVFiles.h">
      <Filter>Header Files</Filter>
    </ClInclude>
    <ClInclude Include="include\FileIO\FileDefinitions.h">
      <Filter>Header Files</Filter>
    </ClInclude>
    <ClInclude Include="include\Fitness\RuleBuilder.h">
      <Filter>Header Files</Filter>
    </ClInclude>
    <ClInclude Include="include\Fitness\FunctionBuilder.h">
      <Filter>Header Files</Filter>
    </ClInclude>
    <ClInclude Include="include\Fitness\RuleExtractors.h">
      <Filter>Header Files</Filter>
    </ClInclude>
    <ClInclude Include="include\GenericFunctor.h">
      <Filter>Header Files</Filter>
    </ClInclude>
    <ClInclude Include="include\Graphics\UIElements.h">
      <Filter>Header Files</Filter>
    </ClInclude>
    <ClInclude Include="include\Graphics\RuleEditor.h">
      <Filter>Header Files</Filter>
    </ClInclude>
    <ClInclude Include="include\Fitness\RuleManager.h">
      <Filter>Header Files</Filter>
    </ClInclude>
    <ClInclude Include="include\Util.h">
      <Filter>Header Files</Filter>
    </ClInclude>
    <ClInclude Include="include\Fitness\RuleTypes.h">
      <Filter>Header Files</Filter>
    </ClInclude>
    <ClInclude Include="include\FileIO\FitnessFiles.h">
      <Filter>Header Files</Filter>
    </ClInclude>
    <ClInclude Include="include\GAController.h">
      <Filter>Header Files</Filter>
    </ClInclude>
    <ClInclude Include="include\GAControllerInterfaces.h">
      <Filter>Header Files</Filter>
    </ClInclude>
    <ClInclude Include="include\Graphics\PhraseListViewer.h">
      <Filter>Header Files</Filter>
    </ClInclude>
    <ClInclude Include="include\Graphics\PhrasePlaybackWindow.h">
      <Filter>Header Files</Filter>
    </ClInclude>
    <ClInclude Include="include\Graphics\AlgorithmExecutionWindow.h">
      <Filter>Header Files</Filter>
    </ClInclude>
    <ClInclude Include="include\GADefaultConfig.h">
      <Filter>Header Files</Filter>
    </ClInclude>
    <ClInclude Include="include\Graphics\UIElementBuilder.h">
      <Filter>Header Files</Filter>
    </ClInclude>
    <ClInclude Include="include\Utility\GUIDGenerator.h">
      <Filter>Header Files</Filter>
    </ClInclude>
    <ClInclude Include="include\Fitness\RuleList.h">
      <Filter>Header Files</Filter>
    </ClInclude>
    <ClInclude Include="include\Fitness\RuleTable.h">
      <Filter>Header Files</Filter>
    </ClInclude>
    <ClInclude Include="include\AudioPlayback\ActiveSound.h">
      <Filter>Header Files</Filter>
    </ClInclude>
    <ClInclude Include="include\Utility\Diagnostics.h">
      <Filter>Header Files</Filter>
    </ClInclude>
    <ClInclude Include="include\Fitness\Modifiers\ModifierBase.h">
      <Filter>Header Files</Filter>
    </ClInclude>
    <ClInclude Include="include\Fitness\Modifiers\SimilarityModifier.h">
      <Filter>Header Files</Filter>
    </ClInclude>
    <ClInclude Include="include\Fitness\Modifiers\OccurencesModifier.h">
      <Filter>Header Files</Filter>
    </ClInclude>
    <ClInclude Include="include\Fitness\Modifiers\MaxRepeatedModifier.h">
      <Filter>Header Files</Filter>
    </ClInclude>
    <ClInclude Include="include\ChordDefinitions.h">
      <Filter>Header Files</Filter>
    </ClInclude>
  </ItemGroup>
  <ItemGroup>
    <ClCompile Include="source\AudioPlayback\AudioDefinitions.cpp">
      <Filter>Source Files</Filter>
    </ClCompile>
    <ClCompile Include="source\AudioPlayback\AudioEngine.cpp">
      <Filter>Source Files</Filter>
    </ClCompile>
    <ClCompile Include="source\AudioPlayback\SynthesizerBase.cpp">
      <Filter>Source Files</Filter>
    </ClCompile>
    <ClCompile Include="source\Breeding\Breeder.cpp">
      <Filter>Source Files</Filter>
    </ClCompile>
    <ClCompile Include="source\Fitness\FitnessEvaluator.cpp">
      <Filter>Source Files</Filter>
    </ClCompile>
    <ClCompile Include="source\Generation\PopulationGenerator.cpp">
      <Filter>Source Files</Filter>
    </ClCompile>
    <ClCompile Include="source\Mutation\Mutator.cpp">
      <Filter>Source Files</Filter>
    </ClCompile>
    <ClCompile Include="source\Selection\Selector.cpp">
      <Filter>Source Files</Filter>
    </ClCompile>
    <ClCompile Include="source\glad.c">
      <Filter>Source Files</Filter>
    </ClCompile>
    <ClCompile Include="source\main.cpp">
      <Filter>Source Files</Filter>
    </ClCompile>
    <ClCompile Include="source\PhrasePool.cpp">
      <Filter>Source Files</Filter>
    </ClCompile>
    <ClCompile Include="source\Graphics\UISystem.cpp">
      <Filter>Source Files</Filter>
    </ClCompile>
    <ClCompile Include="include\imgui\imgui.cpp">
      <Filter>Source Files</Filter>
    </ClCompile>
    <ClCompile Include="include\imgui\imgui_demo.cpp">
      <Filter>Source Files</Filter>
    </ClCompile>
    <ClCompile Include="include\imgui\imgui_draw.cpp">
      <Filter>Source Files</Filter>
    </ClCompile>
    <ClCompile Include="include\imgui\imgui_impl_glfw.cpp">
      <Filter>Source Files</Filter>
    </ClCompile>
    <ClCompile Include="include\imgui\imgui_impl_opengl3.cpp">
      <Filter>Source Files</Filter>
    </ClCompile>
    <ClCompile Include="include\imgui\imgui_widgets.cpp">
      <Filter>Source Files</Filter>
    </ClCompile>
    <ClCompile Include="source\Graphics\PianoRoll.cpp">
      <Filter>Source Files</Filter>
    </ClCompile>
    <ClCompile Include="source\FIleIO\MIDIFiles.cpp">
      <Filter>Source Files</Filter>
    </ClCompile>
    <ClCompile Include="source\FIleIO\FileManager.cpp">
      <Filter>Source Files</Filter>
    </ClCompile>
    <ClCompile Include="source\Fitness\RuleExtractors.cpp">
      <Filter>Source Files</Filter>
    </ClCompile>
    <ClCompile Include="source\Fitness\RuleBuilder.cpp">
      <Filter>Source Files</Filter>
    </ClCompile>
    <ClCompile Include="source\Fitness\FunctionBuilder.cpp">
      <Filter>Source Files</Filter>
    </ClCompile>
    <ClCompile Include="source\Graphics\RuleEditor.cpp">
      <Filter>Source Files</Filter>
    </ClCompile>
    <ClCompile Include="source\Fitness\RuleManager.cpp">
      <Filter>Source Files</Filter>
    </ClCompile>
    <ClCompile Include="source\FIleIO\FitnessFiles.cpp">
      <Filter>Source Files</Filter>
    </ClCompile>
    <ClCompile Include="source\GAController.cpp">
      <Filter>Source Files</Filter>
    </ClCompile>
    <ClCompile Include="source\Graphics\PhraseListViewer.cpp">
      <Filter>Source Files</Filter>
    </ClCompile>
    <ClCompile Include="source\Graphics\PhrasePlaybackWindow.cpp">
      <Filter>Source Files</Filter>
    </ClCompile>
    <ClCompile Include="source\Graphics\AlgorithmExecutionWindow.cpp">
      <Filter>Source Files</Filter>
    </ClCompile>
    <ClCompile Include="source\Graphics\UIElementBuilder.cpp">
      <Filter>Source Files</Filter>
    </ClCompile>
    <ClCompile Include="source\GAControllerInterfaces.cpp">
      <Filter>Source Files</Filter>
    </ClCompile>
    <ClCompile Include="source\Fitness\RuleTable.cpp">
      <Filter>Source Files</Filter>
    </ClCompile>
    <ClCompile Include="source\AudioPlayback\ActiveSound.cpp">
      <Filter>Source Files</Filter>
    </ClCompile>
    <ClCompile Include="source\Utility\Diagnostics.cpp">
      <Filter>Source Files</Filter>
    </ClCompile>
  </ItemGroup>
</Project>